
Microsoft Visual Studio Solution File, Format Version 12.00
# Visual Studio Version 16
VisualStudioVersion = 16.0.31424.327
MinimumVisualStudioVersion = 10.0.40219.1
Project("{FAE04EC0-301F-11D3-BF4B-00C04F79EFBC}") = "TicTacToe1", "TicTacToe1.csproj", "{8CE5BA82-BEF5-4786-B971-8D174CD54E33}"
EndProject
Global
	GlobalSection(SolutionConfigurationPlatforms) = preSolution
		Debug|Any CPU = Debug|Any CPU
		Release|Any CPU = Release|Any CPU
	EndGlobalSection
	GlobalSection(ProjectConfigurationPlatforms) = postSolution
		{8CE5BA82-BEF5-4786-B971-8D174CD54E33}.Debug|Any CPU.ActiveCfg = Debug|Any CPU
		{8CE5BA82-BEF5-4786-B971-8D174CD54E33}.Debug|Any CPU.Build.0 = Debug|Any CPU
		{8CE5BA82-BEF5-4786-B971-8D174CD54E33}.Release|Any CPU.ActiveCfg = Release|Any CPU
		{8CE5BA82-BEF5-4786-B971-8D174CD54E33}.Release|Any CPU.Build.0 = Release|Any CPU
	EndGlobalSection
	GlobalSection(SolutionProperties) = preSolution
		HideSolutionNode = FALSE
	EndGlobalSection
	GlobalSection(ExtensibilityGlobals) = postSolution
		SolutionGuid = {1B5811E7-056C-44FD-9E0E-91AE49BF9298}
	EndGlobalSection
EndGlobal
